// !$*UTF8*$!
{
	archiveVersion = 1;
	classes = {
	};
	objectVersion = 55;
	objects = {

/* Begin PBXBuildFile section */
		A199AB162AE8BC9100ED49DA /* MemoryGame.swift in Sources */ = {isa = PBXBuildFile; fileRef = A199AB152AE8BC9100ED49DA /* MemoryGame.swift */; };
		A199AB182AE8BF4000ED49DA /* EmojiMemoryGame.swift in Sources */ = {isa = PBXBuildFile; fileRef = A199AB172AE8BF4000ED49DA /* EmojiMemoryGame.swift */; };
		A199AB1A2AEA31F400ED49DA /* AspectVGrid.swift in Sources */ = {isa = PBXBuildFile; fileRef = A199AB192AEA31F300ED49DA /* AspectVGrid.swift */; };
		A199AB1C2AEA4EE200ED49DA /* Pie.swift in Sources */ = {isa = PBXBuildFile; fileRef = A199AB1B2AEA4EE200ED49DA /* Pie.swift */; };
		A199AB1E2AEA518F00ED49DA /* CardView.swift in Sources */ = {isa = PBXBuildFile; fileRef = A199AB1D2AEA518F00ED49DA /* CardView.swift */; };
		A199AB202AEA5F1E00ED49DA /* Cardify.swift in Sources */ = {isa = PBXBuildFile; fileRef = A199AB1F2AEA5F1E00ED49DA /* Cardify.swift */; };
		A199AB222AEB817300ED49DA /* FlyingNumber.swift in Sources */ = {isa = PBXBuildFile; fileRef = A199AB212AEB817300ED49DA /* FlyingNumber.swift */; };
		A1EB965F2AE64DAB00240733 /* MemorizeApp.swift in Sources */ = {isa = PBXBuildFile; fileRef = A1EB965E2AE64DAB00240733 /* MemorizeApp.swift */; };
		A1EB96612AE64DAB00240733 /* EmojiMemoryGameView.swift in Sources */ = {isa = PBXBuildFile; fileRef = A1EB96602AE64DAB00240733 /* EmojiMemoryGameView.swift */; };
		A1EB96632AE64DAD00240733 /* Assets.xcassets in Resources */ = {isa = PBXBuildFile; fileRef = A1EB96622AE64DAD00240733 /* Assets.xcassets */; };
		A1EB96662AE64DAD00240733 /* Preview Assets.xcassets in Resources */ = {isa = PBXBuildFile; fileRef = A1EB96652AE64DAD00240733 /* Preview Assets.xcassets */; };
		A1EB96702AE64DAD00240733 /* MemorizeTests.swift in Sources */ = {isa = PBXBuildFile; fileRef = A1EB966F2AE64DAD00240733 /* MemorizeTests.swift */; };
		A1EB967A2AE64DAD00240733 /* MemorizeUITests.swift in Sources */ = {isa = PBXBuildFile; fileRef = A1EB96792AE64DAD00240733 /* MemorizeUITests.swift */; };
		A1EB967C2AE64DAD00240733 /* MemorizeUITestsLaunchTests.swift in Sources */ = {isa = PBXBuildFile; fileRef = A1EB967B2AE64DAD00240733 /* MemorizeUITestsLaunchTests.swift */; };
/* End PBXBuildFile section */

/* Begin PBXContainerItemProxy section */
		A1EB966C2AE64DAD00240733 /* PBXContainerItemProxy */ = {
			isa = PBXContainerItemProxy;
			containerPortal = A1EB96532AE64DAB00240733 /* Project object */;
			proxyType = 1;
			remoteGlobalIDString = A1EB965A2AE64DAB00240733;
			remoteInfo = Memorize;
		};
		A1EB96762AE64DAD00240733 /* PBXContainerItemProxy */ = {
			isa = PBXContainerItemProxy;
			containerPortal = A1EB96532AE64DAB00240733 /* Project object */;
			proxyType = 1;
			remoteGlobalIDString = A1EB965A2AE64DAB00240733;
			remoteInfo = Memorize;
		};
/* End PBXContainerItemProxy section */

/* Begin PBXFileReference section */
		A199AB152AE8BC9100ED49DA /* MemoryGame.swift */ = {isa = PBXFileReference; lastKnownFileType = sourcecode.swift; path = MemoryGame.swift; sourceTree = "<group>"; };
		A199AB172AE8BF4000ED49DA /* EmojiMemoryGame.swift */ = {isa = PBXFileReference; lastKnownFileType = sourcecode.swift; path = EmojiMemoryGame.swift; sourceTree = "<group>"; };
		A199AB192AEA31F300ED49DA /* AspectVGrid.swift */ = {isa = PBXFileReference; lastKnownFileType = sourcecode.swift; path = AspectVGrid.swift; sourceTree = "<group>"; };
		A199AB1B2AEA4EE200ED49DA /* Pie.swift */ = {isa = PBXFileReference; lastKnownFileType = sourcecode.swift; path = Pie.swift; sourceTree = "<group>"; };
		A199AB1D2AEA518F00ED49DA /* CardView.swift */ = {isa = PBXFileReference; lastKnownFileType = sourcecode.swift; path = CardView.swift; sourceTree = "<group>"; };
		A199AB1F2AEA5F1E00ED49DA /* Cardify.swift */ = {isa = PBXFileReference; lastKnownFileType = sourcecode.swift; path = Cardify.swift; sourceTree = "<group>"; };
		A199AB212AEB817300ED49DA /* FlyingNumber.swift */ = {isa = PBXFileReference; lastKnownFileType = sourcecode.swift; path = FlyingNumber.swift; sourceTree = "<group>"; };
		A1EB965B2AE64DAB00240733 /* Memorize.app */ = {isa = PBXFileReference; explicitFileType = wrapper.application; includeInIndex = 0; path = Memorize.app; sourceTree = BUILT_PRODUCTS_DIR; };
		A1EB965E2AE64DAB00240733 /* MemorizeApp.swift */ = {isa = PBXFileReference; lastKnownFileType = sourcecode.swift; path = MemorizeApp.swift; sourceTree = "<group>"; };
		A1EB96602AE64DAB00240733 /* EmojiMemoryGameView.swift */ = {isa = PBXFileReference; lastKnownFileType = sourcecode.swift; path = EmojiMemoryGameView.swift; sourceTree = "<group>"; };
		A1EB96622AE64DAD00240733 /* Assets.xcassets */ = {isa = PBXFileReference; lastKnownFileType = folder.assetcatalog; path = Assets.xcassets; sourceTree = "<group>"; };
		A1EB96652AE64DAD00240733 /* Preview Assets.xcassets */ = {isa = PBXFileReference; lastKnownFileType = folder.assetcatalog; path = "Preview Assets.xcassets"; sourceTree = "<group>"; };
		A1EB966B2AE64DAD00240733 /* MemorizeTests.xctest */ = {isa = PBXFileReference; explicitFileType = wrapper.cfbundle; includeInIndex = 0; path = MemorizeTests.xctest; sourceTree = BUILT_PRODUCTS_DIR; };
		A1EB966F2AE64DAD00240733 /* MemorizeTests.swift */ = {isa = PBXFileReference; lastKnownFileType = sourcecode.swift; path = MemorizeTests.swift; sourceTree = "<group>"; };
		A1EB96752AE64DAD00240733 /* MemorizeUITests.xctest */ = {isa = PBXFileReference; explicitFileType = wrapper.cfbundle; includeInIndex = 0; path = MemorizeUITests.xctest; sourceTree = BUILT_PRODUCTS_DIR; };
		A1EB96792AE64DAD00240733 /* MemorizeUITests.swift */ = {isa = PBXFileReference; lastKnownFileType = sourcecode.swift; path = MemorizeUITests.swift; sourceTree = "<group>"; };
		A1EB967B2AE64DAD00240733 /* MemorizeUITestsLaunchTests.swift */ = {isa = PBXFileReference; lastKnownFileType = sourcecode.swift; path = MemorizeUITestsLaunchTests.swift; sourceTree = "<group>"; };
/* End PBXFileReference section */

/* Begin PBXFrameworksBuildPhase section */
		A1EB96582AE64DAB00240733 /* Frameworks */ = {
			isa = PBXFrameworksBuildPhase;
			buildActionMask = 2147483647;
			files = (
			);
			runOnlyForDeploymentPostprocessing = 0;
		};
		A1EB96682AE64DAD00240733 /* Frameworks */ = {
			isa = PBXFrameworksBuildPhase;
			buildActionMask = 2147483647;
			files = (
			);
			runOnlyForDeploymentPostprocessing = 0;
		};
		A1EB96722AE64DAD00240733 /* Frameworks */ = {
			isa = PBXFrameworksBuildPhase;
			buildActionMask = 2147483647;
			files = (
			);
			runOnlyForDeploymentPostprocessing = 0;
		};
/* End PBXFrameworksBuildPhase section */

/* Begin PBXGroup section */
		A1EB96522AE64DAB00240733 = {
			isa = PBXGroup;
			children = (
				A1EB965D2AE64DAB00240733 /* Memorize */,
				A1EB966E2AE64DAD00240733 /* MemorizeTests */,
				A1EB96782AE64DAD00240733 /* MemorizeUITests */,
				A1EB965C2AE64DAB00240733 /* Products */,
			);
			sourceTree = "<group>";
		};
		A1EB965C2AE64DAB00240733 /* Products */ = {
			isa = PBXGroup;
			children = (
				A1EB965B2AE64DAB00240733 /* Memorize.app */,
				A1EB966B2AE64DAD00240733 /* MemorizeTests.xctest */,
				A1EB96752AE64DAD00240733 /* MemorizeUITests.xctest */,
			);
			name = Products;
			sourceTree = "<group>";
		};
		A1EB965D2AE64DAB00240733 /* Memorize */ = {
			isa = PBXGroup;
			children = (
				A1EB965E2AE64DAB00240733 /* MemorizeApp.swift */,
				A1EB96602AE64DAB00240733 /* EmojiMemoryGameView.swift */,
				A199AB212AEB817300ED49DA /* FlyingNumber.swift */,
				A199AB1F2AEA5F1E00ED49DA /* Cardify.swift */,
				A199AB1D2AEA518F00ED49DA /* CardView.swift */,
				A199AB192AEA31F300ED49DA /* AspectVGrid.swift */,
				A199AB152AE8BC9100ED49DA /* MemoryGame.swift */,
				A199AB172AE8BF4000ED49DA /* EmojiMemoryGame.swift */,
				A1EB96622AE64DAD00240733 /* Assets.xcassets */,
				A1EB96642AE64DAD00240733 /* Preview Content */,
				A199AB1B2AEA4EE200ED49DA /* Pie.swift */,
			);
			path = Memorize;
			sourceTree = "<group>";
		};
		A1EB96642AE64DAD00240733 /* Preview Content */ = {
			isa = PBXGroup;
			children = (
				A1EB96652AE64DAD00240733 /* Preview Assets.xcassets */,
			);
			path = "Preview Content";
			sourceTree = "<group>";
		};
		A1EB966E2AE64DAD00240733 /* MemorizeTests */ = {
			isa = PBXGroup;
			children = (
				A1EB966F2AE64DAD00240733 /* MemorizeTests.swift */,
			);
			path = MemorizeTests;
			sourceTree = "<group>";
		};
		A1EB96782AE64DAD00240733 /* MemorizeUITests */ = {
			isa = PBXGroup;
			children = (
				A1EB96792AE64DAD00240733 /* MemorizeUITests.swift */,
				A1EB967B2AE64DAD00240733 /* MemorizeUITestsLaunchTests.swift */,
			);
			path = MemorizeUITests;
			sourceTree = "<group>";
		};
/* End PBXGroup section */

/* Begin PBXNativeTarget section */
		A1EB965A2AE64DAB00240733 /* Memorize */ = {
			isa = PBXNativeTarget;
			buildConfigurationList = A1EB967F2AE64DAD00240733 /* Build configuration list for PBXNativeTarget "Memorize" */;
			buildPhases = (
				A1EB96572AE64DAB00240733 /* Sources */,
				A1EB96582AE64DAB00240733 /* Frameworks */,
				A1EB96592AE64DAB00240733 /* Resources */,
			);
			buildRules = (
			);
			dependencies = (
			);
			name = Memorize;
			productName = Memorize;
			productReference = A1EB965B2AE64DAB00240733 /* Memorize.app */;
			productType = "com.apple.product-type.application";
		};
		A1EB966A2AE64DAD00240733 /* MemorizeTests */ = {
			isa = PBXNativeTarget;
			buildConfigurationList = A1EB96822AE64DAD00240733 /* Build configuration list for PBXNativeTarget "MemorizeTests" */;
			buildPhases = (
				A1EB96672AE64DAD00240733 /* Sources */,
				A1EB96682AE64DAD00240733 /* Frameworks */,
				A1EB96692AE64DAD00240733 /* Resources */,
			);
			buildRules = (
			);
			dependencies = (
				A1EB966D2AE64DAD00240733 /* PBXTargetDependency */,
			);
			name = MemorizeTests;
			productName = MemorizeTests;
			productReference = A1EB966B2AE64DAD00240733 /* MemorizeTests.xctest */;
			productType = "com.apple.product-type.bundle.unit-test";
		};
		A1EB96742AE64DAD00240733 /* MemorizeUITests */ = {
			isa = PBXNativeTarget;
			buildConfigurationList = A1EB96852AE64DAD00240733 /* Build configuration list for PBXNativeTarget "MemorizeUITests" */;
			buildPhases = (
				A1EB96712AE64DAD00240733 /* Sources */,
				A1EB96722AE64DAD00240733 /* Frameworks */,
				A1EB96732AE64DAD00240733 /* Resources */,
			);
			buildRules = (
			);
			dependencies = (
				A1EB96772AE64DAD00240733 /* PBXTargetDependency */,
			);
			name = MemorizeUITests;
			productName = MemorizeUITests;
			productReference = A1EB96752AE64DAD00240733 /* MemorizeUITests.xctest */;
			productType = "com.apple.product-type.bundle.ui-testing";
		};
/* End PBXNativeTarget section */

/* Begin PBXProject section */
		A1EB96532AE64DAB00240733 /* Project object */ = {
			isa = PBXProject;
			attributes = {
				BuildIndependentTargetsInParallel = 1;
				LastSwiftUpdateCheck = 1320;
				LastUpgradeCheck = 1320;
				TargetAttributes = {
					A1EB965A2AE64DAB00240733 = {
						CreatedOnToolsVersion = 13.2.1;
					};
					A1EB966A2AE64DAD00240733 = {
						CreatedOnToolsVersion = 13.2.1;
						TestTargetID = A1EB965A2AE64DAB00240733;
					};
					A1EB96742AE64DAD00240733 = {
						CreatedOnToolsVersion = 13.2.1;
						TestTargetID = A1EB965A2AE64DAB00240733;
					};
				};
			};
			buildConfigurationList = A1EB96562AE64DAB00240733 /* Build configuration list for PBXProject "Memorize" */;
			compatibilityVersion = "Xcode 13.0";
			developmentRegion = en;
			hasScannedForEncodings = 0;
			knownRegions = (
				en,
				Base,
			);
			mainGroup = A1EB96522AE64DAB00240733;
			productRefGroup = A1EB965C2AE64DAB00240733 /* Products */;
			projectDirPath = "";
			projectRoot = "";
			targets = (
				A1EB965A2AE64DAB00240733 /* Memorize */,
				A1EB966A2AE64DAD00240733 /* MemorizeTests */,
				A1EB96742AE64DAD00240733 /* MemorizeUITests */,
			);
		};
/* End PBXProject section */

/* Begin PBXResourcesBuildPhase section */
		A1EB96592AE64DAB00240733 /* Resources */ = {
			isa = PBXResourcesBuildPhase;
			buildActionMask = 2147483647;
			files = (
				A1EB96662AE64DAD00240733 /* Preview Assets.xcassets in Resources */,
				A1EB96632AE64DAD00240733 /* Assets.xcassets in Resources */,
			);
			runOnlyForDeploymentPostprocessing = 0;
		};
		A1EB96692AE64DAD00240733 /* Resources */ = {
			isa = PBXResourcesBuildPhase;
			buildActionMask = 2147483647;
			files = (
			);
			runOnlyForDeploymentPostprocessing = 0;
		};
		A1EB96732AE64DAD00240733 /* Resources */ = {
			isa = PBXResourcesBuildPhase;
			buildActionMask = 2147483647;
			files = (
			);
			runOnlyForDeploymentPostprocessing = 0;
		};
/* End PBXResourcesBuildPhase section */

/* Begin PBXSourcesBuildPhase section */
		A1EB96572AE64DAB00240733 /* Sources */ = {
			isa = PBXSourcesBuildPhase;
			buildActionMask = 2147483647;
			files = (
				A199AB1E2AEA518F00ED49DA /* CardView.swift in Sources */,
				A199AB1C2AEA4EE200ED49DA /* Pie.swift in Sources */,
				A199AB222AEB817300ED49DA /* FlyingNumber.swift in Sources */,
				A199AB202AEA5F1E00ED49DA /* Cardify.swift in Sources */,
				A1EB96612AE64DAB00240733 /* EmojiMemoryGameView.swift in Sources */,
				A1EB965F2AE64DAB00240733 /* MemorizeApp.swift in Sources */,
				A199AB162AE8BC9100ED49DA /* MemoryGame.swift in Sources */,
				A199AB1A2AEA31F400ED49DA /* AspectVGrid.swift in Sources */,
				A199AB182AE8BF4000ED49DA /* EmojiMemoryGame.swift in Sources */,
			);
			runOnlyForDeploymentPostprocessing = 0;
		};
		A1EB96672AE64DAD00240733 /* Sources */ = {
			isa = PBXSourcesBuildPhase;
			buildActionMask = 2147483647;
			files = (
				A1EB96702AE64DAD00240733 /* MemorizeTests.swift in Sources */,
			);
			runOnlyForDeploymentPostprocessing = 0;
		};
		A1EB96712AE64DAD00240733 /* Sources */ = {
			isa = PBXSourcesBuildPhase;
			buildActionMask = 2147483647;
			files = (
				A1EB967C2AE64DAD00240733 /* MemorizeUITestsLaunchTests.swift in Sources */,
				A1EB967A2AE64DAD00240733 /* MemorizeUITests.swift in Sources */,
			);
			runOnlyForDeploymentPostprocessing = 0;
		};
/* End PBXSourcesBuildPhase section */

/* Begin PBXTargetDependency section */
		A1EB966D2AE64DAD00240733 /* PBXTargetDependency */ = {
			isa = PBXTargetDependency;
			target = A1EB965A2AE64DAB00240733 /* Memorize */;
			targetProxy = A1EB966C2AE64DAD00240733 /* PBXContainerItemProxy */;
		};
		A1EB96772AE64DAD00240733 /* PBXTargetDependency */ = {
			isa = PBXTargetDependency;
			target = A1EB965A2AE64DAB00240733 /* Memorize */;
			targetProxy = A1EB96762AE64DAD00240733 /* PBXContainerItemProxy */;
		};
/* End PBXTargetDependency section */

/* Begin XCBuildConfiguration section */
		A1EB967D2AE64DAD00240733 /* Debug */ = {
			isa = XCBuildConfiguration;
			buildSettings = {
				ALWAYS_SEARCH_USER_PATHS = NO;
				CLANG_ANALYZER_NONNULL = YES;
				CLANG_ANALYZER_NUMBER_OBJECT_CONVERSION = YES_AGGRESSIVE;
				CLANG_CXX_LANGUAGE_STANDARD = "gnu++17";
				CLANG_CXX_LIBRARY = "libc++";
				CLANG_ENABLE_MODULES = YES;
				CLANG_ENABLE_OBJC_ARC = YES;
				CLANG_ENABLE_OBJC_WEAK = YES;
				CLANG_WARN_BLOCK_CAPTURE_AUTORELEASING = YES;
				CLANG_WARN_BOOL_CONVERSION = YES;
				CLANG_WARN_COMMA = YES;
				CLANG_WARN_CONSTANT_CONVERSION = YES;
				CLANG_WARN_DEPRECATED_OBJC_IMPLEMENTATIONS = YES;
				CLANG_WARN_DIRECT_OBJC_ISA_USAGE = YES_ERROR;
				CLANG_WARN_DOCUMENTATION_COMMENTS = YES;
				CLANG_WARN_EMPTY_BODY = YES;
				CLANG_WARN_ENUM_CONVERSION = YES;
				CLANG_WARN_INFINITE_RECURSION = YES;
				CLANG_WARN_INT_CONVERSION = YES;
				CLANG_WARN_NON_LITERAL_NULL_CONVERSION = YES;
				CLANG_WARN_OBJC_IMPLICIT_RETAIN_SELF = YES;
				CLANG_WARN_OBJC_LITERAL_CONVERSION = YES;
				CLANG_WARN_OBJC_ROOT_CLASS = YES_ERROR;
				CLANG_WARN_QUOTED_INCLUDE_IN_FRAMEWORK_HEADER = YES;
				CLANG_WARN_RANGE_LOOP_ANALYSIS = YES;
				CLANG_WARN_STRICT_PROTOTYPES = YES;
				CLANG_WARN_SUSPICIOUS_MOVE = YES;
				CLANG_WARN_UNGUARDED_AVAILABILITY = YES_AGGRESSIVE;
				CLANG_WARN_UNREACHABLE_CODE = YES;
				CLANG_WARN__DUPLICATE_METHOD_MATCH = YES;
				COPY_PHASE_STRIP = NO;
				DEBUG_INFORMATION_FORMAT = dwarf;
				ENABLE_STRICT_OBJC_MSGSEND = YES;
				ENABLE_TESTABILITY = YES;
				GCC_C_LANGUAGE_STANDARD = gnu11;
				GCC_DYNAMIC_NO_PIC = NO;
				GCC_NO_COMMON_BLOCKS = YES;
				GCC_OPTIMIZATION_LEVEL = 0;
				GCC_PREPROCESSOR_DEFINITIONS = (
					"DEBUG=1",
					"$(inherited)",
				);
				GCC_WARN_64_TO_32_BIT_CONVERSION = YES;
				GCC_WARN_ABOUT_RETURN_TYPE = YES_ERROR;
				GCC_WARN_UNDECLARED_SELECTOR = YES;
				GCC_WARN_UNINITIALIZED_AUTOS = YES_AGGRESSIVE;
				GCC_WARN_UNUSED_FUNCTION = YES;
				GCC_WARN_UNUSED_VARIABLE = YES;
				IPHONEOS_DEPLOYMENT_TARGET = 15.2;
				MTL_ENABLE_DEBUG_INFO = INCLUDE_SOURCE;
				MTL_FAST_MATH = YES;
				ONLY_ACTIVE_ARCH = YES;
				SDKROOT = iphoneos;
				SWIFT_ACTIVE_COMPILATION_CONDITIONS = DEBUG;
				SWIFT_OPTIMIZATION_LEVEL = "-Onone";
			};
			name = Debug;
		};
		A1EB967E2AE64DAD00240733 /* Release */ = {
			isa = XCBuildConfiguration;
			buildSettings = {
				ALWAYS_SEARCH_USER_PATHS = NO;
				CLANG_ANALYZER_NONNULL = YES;
				CLANG_ANALYZER_NUMBER_OBJECT_CONVERSION = YES_AGGRESSIVE;
				CLANG_CXX_LANGUAGE_STANDARD = "gnu++17";
				CLANG_CXX_LIBRARY = "libc++";
				CLANG_ENABLE_MODULES = YES;
				CLANG_ENABLE_OBJC_ARC = YES;
				CLANG_ENABLE_OBJC_WEAK = YES;
				CLANG_WARN_BLOCK_CAPTURE_AUTORELEASING = YES;
				CLANG_WARN_BOOL_CONVERSION = YES;
				CLANG_WARN_COMMA = YES;
				CLANG_WARN_CONSTANT_CONVERSION = YES;
				CLANG_WARN_DEPRECATED_OBJC_IMPLEMENTATIONS = YES;
				CLANG_WARN_DIRECT_OBJC_ISA_USAGE = YES_ERROR;
				CLANG_WARN_DOCUMENTATION_COMMENTS = YES;
				CLANG_WARN_EMPTY_BODY = YES;
				CLANG_WARN_ENUM_CONVERSION = YES;
				CLANG_WARN_INFINITE_RECURSION = YES;
				CLANG_WARN_INT_CONVERSION = YES;
				CLANG_WARN_NON_LITERAL_NULL_CONVERSION = YES;
				CLANG_WARN_OBJC_IMPLICIT_RETAIN_SELF = YES;
				CLANG_WARN_OBJC_LITERAL_CONVERSION = YES;
				CLANG_WARN_OBJC_ROOT_CLASS = YES_ERROR;
				CLANG_WARN_QUOTED_INCLUDE_IN_FRAMEWORK_HEADER = YES;
				CLANG_WARN_RANGE_LOOP_ANALYSIS = YES;
				CLANG_WARN_STRICT_PROTOTYPES = YES;
				CLANG_WARN_SUSPICIOUS_MOVE = YES;
				CLANG_WARN_UNGUARDED_AVAILABILITY = YES_AGGRESSIVE;
				CLANG_WARN_UNREACHABLE_CODE = YES;
				CLANG_WARN__DUPLICATE_METHOD_MATCH = YES;
				COPY_PHASE_STRIP = NO;
				DEBUG_INFORMATION_FORMAT = "dwarf-with-dsym";
				ENABLE_NS_ASSERTIONS = NO;
				ENABLE_STRICT_OBJC_MSGSEND = YES;
				GCC_C_LANGUAGE_STANDARD = gnu11;
				GCC_NO_COMMON_BLOCKS = YES;
				GCC_WARN_64_TO_32_BIT_CONVERSION = YES;
				GCC_WARN_ABOUT_RETURN_TYPE = YES_ERROR;
				GCC_WARN_UNDECLARED_SELECTOR = YES;
				GCC_WARN_UNINITIALIZED_AUTOS = YES_AGGRESSIVE;
				GCC_WARN_UNUSED_FUNCTION = YES;
				GCC_WARN_UNUSED_VARIABLE = YES;
				IPHONEOS_DEPLOYMENT_TARGET = 15.2;
				MTL_ENABLE_DEBUG_INFO = NO;
				MTL_FAST_MATH = YES;
				SDKROOT = iphoneos;
				SWIFT_COMPILATION_MODE = wholemodule;
				SWIFT_OPTIMIZATION_LEVEL = "-O";
				VALIDATE_PRODUCT = YES;
			};
			name = Release;
		};
		A1EB96802AE64DAD00240733 /* Debug */ = {
			isa = XCBuildConfiguration;
			buildSettings = {
				ASSETCATALOG_COMPILER_APPICON_NAME = AppIcon;
				ASSETCATALOG_COMPILER_GLOBAL_ACCENT_COLOR_NAME = AccentColor;
				CODE_SIGN_STYLE = Automatic;
				CURRENT_PROJECT_VERSION = 1;
				DEVELOPMENT_ASSET_PATHS = "\"Memorize/Preview Content\"";
				DEVELOPMENT_TEAM = 27YZKU4MRD;
				ENABLE_PREVIEWS = YES;
				GENERATE_INFOPLIST_FILE = YES;
				INFOPLIST_KEY_UIApplicationSceneManifest_Generation = YES;
				INFOPLIST_KEY_UIApplicationSupportsIndirectInputEvents = YES;
				INFOPLIST_KEY_UILaunchScreen_Generation = YES;
				INFOPLIST_KEY_UISupportedInterfaceOrientations_iPad = "UIInterfaceOrientationPortrait UIInterfaceOrientationPortraitUpsideDown UIInterfaceOrientationLandscapeLeft UIInterfaceOrientationLandscapeRight";
				INFOPLIST_KEY_UISupportedInterfaceOrientations_iPhone = "UIInterfaceOrientationPortrait UIInterfaceOrientationLandscapeLeft UIInterfaceOrientationLandscapeRight";
				LD_RUNPATH_SEARCH_PATHS = (
					"$(inherited)",
					"@executable_path/Frameworks",
				);
				MARKETING_VERSION = 1.0;
				PRODUCT_BUNDLE_IDENTIFIER = edu.stanford.cs193p.instructor.Memorize;
				PRODUCT_NAME = "$(TARGET_NAME)";
				SWIFT_EMIT_LOC_STRINGS = YES;
				SWIFT_VERSION = 5.0;
				TARGETED_DEVICE_FAMILY = "1,2";
			};
			name = Debug;
		};
		A1EB96812AE64DAD00240733 /* Release */ = {
			isa = XCBuildConfiguration;
			buildSettings = {
				ASSETCATALOG_COMPILER_APPICON_NAME = AppIcon;
				ASSETCATALOG_COMPILER_GLOBAL_ACCENT_COLOR_NAME = AccentColor;
				CODE_SIGN_STYLE = Automatic;
				CURRENT_PROJECT_VERSION = 1;
				DEVELOPMENT_ASSET_PATHS = "\"Memorize/Preview Content\"";
				DEVELOPMENT_TEAM = 27YZKU4MRD;
				ENABLE_PREVIEWS = YES;
				GENERATE_INFOPLIST_FILE = YES;
				INFOPLIST_KEY_UIApplicationSceneManifest_Generation = YES;
				INFOPLIST_KEY_UIApplicationSupportsIndirectInputEvents = YES;
				INFOPLIST_KEY_UILaunchScreen_Generation = YES;
				INFOPLIST_KEY_UISupportedInterfaceOrientations_iPad = "UIInterfaceOrientationPortrait UIInterfaceOrientationPortraitUpsideDown UIInterfaceOrientationLandscapeLeft UIInterfaceOrientationLandscapeRight";
				INFOPLIST_KEY_UISupportedInterfaceOrientations_iPhone = "UIInterfaceOrientationPortrait UIInterfaceOrientationLandscapeLeft UIInterfaceOrientationLandscapeRight";
				LD_RUNPATH_SEARCH_PATHS = (
					"$(inherited)",
					"@executable_path/Frameworks",
				);
				MARKETING_VERSION = 1.0;
				PRODUCT_BUNDLE_IDENTIFIER = edu.stanford.cs193p.instructor.Memorize;
				PRODUCT_NAME = "$(TARGET_NAME)";
				SWIFT_EMIT_LOC_STRINGS = YES;
				SWIFT_VERSION = 5.0;
				TARGETED_DEVICE_FAMILY = "1,2";
			};
			name = Release;
		};
		A1EB96832AE64DAD00240733 /* Debug */ = {
			isa = XCBuildConfiguration;
			buildSettings = {
				ALWAYS_EMBED_SWIFT_STANDARD_LIBRARIES = YES;
				BUNDLE_LOADER = "$(TEST_HOST)";
				CODE_SIGN_STYLE = Automatic;
				CURRENT_PROJECT_VERSION = 1;
				DEVELOPMENT_TEAM = 27YZKU4MRD;
				GENERATE_INFOPLIST_FILE = YES;
				IPHONEOS_DEPLOYMENT_TARGET = 15.2;
				MARKETING_VERSION = 1.0;
				PRODUCT_BUNDLE_IDENTIFIER = edu.stanford.cs193p.instructor.MemorizeTests;
				PRODUCT_NAME = "$(TARGET_NAME)";
				SWIFT_EMIT_LOC_STRINGS = NO;
				SWIFT_VERSION = 5.0;
				TARGETED_DEVICE_FAMILY = "1,2";
				TEST_HOST = "$(BUILT_PRODUCTS_DIR)/Memorize.app/Memorize";
			};
			name = Debug;
		};
		A1EB96842AE64DAD00240733 /* Release */ = {
			isa = XCBuildConfiguration;
			buildSettings = {
				ALWAYS_EMBED_SWIFT_STANDARD_LIBRARIES = YES;
				BUNDLE_LOADER = "$(TEST_HOST)";
				CODE_SIGN_STYLE = Automatic;
				CURRENT_PROJECT_VERSION = 1;
				DEVELOPMENT_TEAM = 27YZKU4MRD;
				GENERATE_INFOPLIST_FILE = YES;
				IPHONEOS_DEPLOYMENT_TARGET = 15.2;
				MARKETING_VERSION = 1.0;
				PRODUCT_BUNDLE_IDENTIFIER = edu.stanford.cs193p.instructor.MemorizeTests;
				PRODUCT_NAME = "$(TARGET_NAME)";
				SWIFT_EMIT_LOC_STRINGS = NO;
				SWIFT_VERSION = 5.0;
				TARGETED_DEVICE_FAMILY = "1,2";
				TEST_HOST = "$(BUILT_PRODUCTS_DIR)/Memorize.app/Memorize";
			};
			name = Release;
		};
		A1EB96862AE64DAD00240733 /* Debug */ = {
			isa = XCBuildConfiguration;
			buildSettings = {
				ALWAYS_EMBED_SWIFT_STANDARD_LIBRARIES = YES;
				CODE_SIGN_STYLE = Automatic;
				CURRENT_PROJECT_VERSION = 1;
				DEVELOPMENT_TEAM = 27YZKU4MRD;
				GENERATE_INFOPLIST_FILE = YES;
				MARKETING_VERSION = 1.0;
				PRODUCT_BUNDLE_IDENTIFIER = edu.stanford.cs193p.instructor.MemorizeUITests;
				PRODUCT_NAME = "$(TARGET_NAME)";
				SWIFT_EMIT_LOC_STRINGS = NO;
				SWIFT_VERSION = 5.0;
				TARGETED_DEVICE_FAMILY = "1,2";
				TEST_TARGET_NAME = Memorize;
			};
			name = Debug;
		};
		A1EB96872AE64DAD00240733 /* Release */ = {
			isa = XCBuildConfiguration;
			buildSettings = {
				ALWAYS_EMBED_SWIFT_STANDARD_LIBRARIES = YES;
				CODE_SIGN_STYLE = Automatic;
				CURRENT_PROJECT_VERSION = 1;
				DEVELOPMENT_TEAM = 27YZKU4MRD;
				GENERATE_INFOPLIST_FILE = YES;
				MARKETING_VERSION = 1.0;
				PRODUCT_BUNDLE_IDENTIFIER = edu.stanford.cs193p.instructor.MemorizeUITests;
				PRODUCT_NAME = "$(TARGET_NAME)";
				SWIFT_EMIT_LOC_STRINGS = NO;
				SWIFT_VERSION = 5.0;
				TARGETED_DEVICE_FAMILY = "1,2";
				TEST_TARGET_NAME = Memorize;
			};
			name = Release;
		};
/* End XCBuildConfiguration section */

/* Begin XCConfigurationList section */
		A1EB96562AE64DAB00240733 /* Build configuration list for PBXProject "Memorize" */ = {
			isa = XCConfigurationList;
			buildConfigurations = (
				A1EB967D2AE64DAD00240733 /* Debug */,
				A1EB967E2AE64DAD00240733 /* Release */,
			);
			defaultConfigurationIsVisible = 0;
			defaultConfigurationName = Release;
		};
		A1EB967F2AE64DAD00240733 /* Build configuration list for PBXNativeTarget "Memorize" */ = {
			isa = XCConfigurationList;
			buildConfigurations = (
				A1EB96802AE64DAD00240733 /* Debug */,
				A1EB96812AE64DAD00240733 /* Release */,
			);
			defaultConfigurationIsVisible = 0;
			defaultConfigurationName = Release;
		};
		A1EB96822AE64DAD00240733 /* Build configuration list for PBXNativeTarget "MemorizeTests" */ = {
			isa = XCConfigurationList;
			buildConfigurations = (
				A1EB96832AE64DAD00240733 /* Debug */,
				A1EB96842AE64DAD00240733 /* Release */,
			);
			defaultConfigurationIsVisible = 0;
			defaultConfigurationName = Release;
		};
		A1EB96852AE64DAD00240733 /* Build configuration list for PBXNativeTarget "MemorizeUITests" */ = {
			isa = XCConfigurationList;
			buildConfigurations = (
				A1EB96862AE64DAD00240733 /* Debug */,
				A1EB96872AE64DAD00240733 /* Release */,
			);
			defaultConfigurationIsVisible = 0;
			defaultConfigurationName = Release;
		};
/* End XCConfigurationList section */
	};
	rootObject = A1EB96532AE64DAB00240733 /* Project object */;
}
